
Microsoft Visual Studio Solution File, Format Version 12.00
Project("{FAE04EC0-301F-11D3-BF4B-00C04F79EFBC}") = "RiderIssueNavigateToFolder", "RiderIssueNavigateToFolder\RiderIssueNavigateToFolder.csproj", "{6AE9B8B5-61E6-48AC-8903-35DC13DA6D66}"
EndProject
Project("{2150E333-8FDC-42A3-9474-1A3956D46DE8}") = "SolutionItems", "SolutionItems", "{EEC98C13-4AFF-46F8-9546-9F7EA44F7A60}"
	ProjectSection(SolutionItems) = preProject
		.gitignore = .gitignore
	EndProjectSection
EndProject
Global
	GlobalSection(SolutionConfigurationPlatforms) = preSolution
		Debug|Any CPU = Debug|Any CPU
		Release|Any CPU = Release|Any CPU
	EndGlobalSection
	GlobalSection(ProjectConfigurationPlatforms) = postSolution
		{6AE9B8B5-61E6-48AC-8903-35DC13DA6D66}.Debug|Any CPU.ActiveCfg = Debug|Any CPU
		{6AE9B8B5-61E6-48AC-8903-35DC13DA6D66}.Debug|Any CPU.Build.0 = Debug|Any CPU
		{6AE9B8B5-61E6-48AC-8903-35DC13DA6D66}.Release|Any CPU.ActiveCfg = Release|Any CPU
		{6AE9B8B5-61E6-48AC-8903-35DC13DA6D66}.Release|Any CPU.Build.0 = Release|Any CPU
	EndGlobalSection
EndGlobal
